
Microsoft Visual Studio Solution File, Format Version 12.00
# Visual Studio Version 16
VisualStudioVersion = 16.0.30104.148
MinimumVisualStudioVersion = 10.0.40219.1
Project("{9A19103F-16F7-4668-BE54-9A1E7A4F7556}") = "CodenationCadastroLogErro.Api", "CodenationCadastroLogErro.Api\CodenationCadastroLogErro.Api.csproj", "{3DF06A98-63DA-49E1-9570-9C523AEF30BB}"
EndProject
Project("{9A19103F-16F7-4668-BE54-9A1E7A4F7556}") = "CodenationCadastroLogErro.Dados", "CodenationCadastroLogErro.Dados\CodenationCadastroLogErro.Dados.csproj", "{A9A24D96-80CA-4A98-A6B5-D56A6254F491}"
EndProject
Project("{9A19103F-16F7-4668-BE54-9A1E7A4F7556}") = "CodenationCadastroLogErro.Dominio", "CodenationCadastroLogErro.Dominio\CodenationCadastroLogErro.Dominio.csproj", "{242FB3F7-9CC0-4BEA-8976-1EFC56B1635D}"
EndProject
Project("{9A19103F-16F7-4668-BE54-9A1E7A4F7556}") = "CodenationCadastroLogErro.Servico", "CodenationCadastroLogErro.Servico\CodenationCadastroLogErro.Servico.csproj", "{B377E58C-FDB6-4384-982E-03F95E408D34}"
EndProject
Project("{9A19103F-16F7-4668-BE54-9A1E7A4F7556}") = "CodenationCadastroLogErro.Resursos", "CodenationCadastroLogErro.Resursos\CodenationCadastroLogErro.Resursos.csproj", "{CC4531E5-0B0C-462F-8FA1-AF14F7F34FC5}"
EndProject
Project("{9A19103F-16F7-4668-BE54-9A1E7A4F7556}") = "CodenationCadastroLogErro.teste", "CodenationCadastroLogErro.teste\CodenationCadastroLogErro.teste.csproj", "{AA6F4C68-62F8-425F-A108-57D7EE9F64E5}"
EndProject
Project("{2150E333-8FDC-42A3-9474-1A3956D46DE8}") = "assets", "assets", "{CC2B50DE-8D3B-4B7C-9726-7C1D4EEE7204}"
	ProjectSection(SolutionItems) = preProject
		..\..\..\codenation\diagrama de classe\bd.png = ..\..\..\codenation\diagrama de classe\bd.png
		..\..\..\codenation\diagrama de classe\diagramaDeClasse.png = ..\..\..\codenation\diagrama de classe\diagramaDeClasse.png
	EndProjectSection
EndProject
Global
	GlobalSection(SolutionConfigurationPlatforms) = preSolution
		Debug|Any CPU = Debug|Any CPU
		Release|Any CPU = Release|Any CPU
	EndGlobalSection
	GlobalSection(ProjectConfigurationPlatforms) = postSolution
		{3DF06A98-63DA-49E1-9570-9C523AEF30BB}.Debug|Any CPU.ActiveCfg = Debug|Any CPU
		{3DF06A98-63DA-49E1-9570-9C523AEF30BB}.Debug|Any CPU.Build.0 = Debug|Any CPU
		{3DF06A98-63DA-49E1-9570-9C523AEF30BB}.Release|Any CPU.ActiveCfg = Release|Any CPU
		{3DF06A98-63DA-49E1-9570-9C523AEF30BB}.Release|Any CPU.Build.0 = Release|Any CPU
		{A9A24D96-80CA-4A98-A6B5-D56A6254F491}.Debug|Any CPU.ActiveCfg = Debug|Any CPU
		{A9A24D96-80CA-4A98-A6B5-D56A6254F491}.Debug|Any CPU.Build.0 = Debug|Any CPU
		{A9A24D96-80CA-4A98-A6B5-D56A6254F491}.Release|Any CPU.ActiveCfg = Release|Any CPU
		{A9A24D96-80CA-4A98-A6B5-D56A6254F491}.Release|Any CPU.Build.0 = Release|Any CPU
		{242FB3F7-9CC0-4BEA-8976-1EFC56B1635D}.Debug|Any CPU.ActiveCfg = Debug|Any CPU
		{242FB3F7-9CC0-4BEA-8976-1EFC56B1635D}.Debug|Any CPU.Build.0 = Debug|Any CPU
		{242FB3F7-9CC0-4BEA-8976-1EFC56B1635D}.Release|Any CPU.ActiveCfg = Release|Any CPU
		{242FB3F7-9CC0-4BEA-8976-1EFC56B1635D}.Release|Any CPU.Build.0 = Release|Any CPU
		{B377E58C-FDB6-4384-982E-03F95E408D34}.Debug|Any CPU.ActiveCfg = Debug|Any CPU
		{B377E58C-FDB6-4384-982E-03F95E408D34}.Debug|Any CPU.Build.0 = Debug|Any CPU
		{B377E58C-FDB6-4384-982E-03F95E408D34}.Release|Any CPU.ActiveCfg = Release|Any CPU
		{B377E58C-FDB6-4384-982E-03F95E408D34}.Release|Any CPU.Build.0 = Release|Any CPU
		{CC4531E5-0B0C-462F-8FA1-AF14F7F34FC5}.Debug|Any CPU.ActiveCfg = Debug|Any CPU
		{CC4531E5-0B0C-462F-8FA1-AF14F7F34FC5}.Debug|Any CPU.Build.0 = Debug|Any CPU
		{CC4531E5-0B0C-462F-8FA1-AF14F7F34FC5}.Release|Any CPU.ActiveCfg = Release|Any CPU
		{CC4531E5-0B0C-462F-8FA1-AF14F7F34FC5}.Release|Any CPU.Build.0 = Release|Any CPU
		{AA6F4C68-62F8-425F-A108-57D7EE9F64E5}.Debug|Any CPU.ActiveCfg = Debug|Any CPU
		{AA6F4C68-62F8-425F-A108-57D7EE9F64E5}.Debug|Any CPU.Build.0 = Debug|Any CPU
		{AA6F4C68-62F8-425F-A108-57D7EE9F64E5}.Release|Any CPU.ActiveCfg = Release|Any CPU
		{AA6F4C68-62F8-425F-A108-57D7EE9F64E5}.Release|Any CPU.Build.0 = Release|Any CPU
	EndGlobalSection
	GlobalSection(SolutionProperties) = preSolution
		HideSolutionNode = FALSE
	EndGlobalSection
	GlobalSection(ExtensibilityGlobals) = postSolution
		SolutionGuid = {1F9D6715-E69D-4EB6-A525-E7DEE6FD2A78}
	EndGlobalSection
EndGlobal
